
Microsoft Visual Studio Solution File, Format Version 12.00
# Visual Studio Version 16
VisualStudioVersion = 16.0.32228.343
MinimumVisualStudioVersion = 10.0.40219.1
Project("{FAE04EC0-301F-11D3-BF4B-00C04F79EFBC}") = "RoyalHotel", "RoyalHotel\RoyalHotel.csproj", "{64C97EF3-A03A-4F2A-B94A-A4C5F26ABD53}"
EndProject
Global
	GlobalSection(SolutionConfigurationPlatforms) = preSolution
		Debug|Any CPU = Debug|Any CPU
		Release|Any CPU = Release|Any CPU
	EndGlobalSection
	GlobalSection(ProjectConfigurationPlatforms) = postSolution
		{64C97EF3-A03A-4F2A-B94A-A4C5F26ABD53}.Debug|Any CPU.ActiveCfg = Debug|Any CPU
		{64C97EF3-A03A-4F2A-B94A-A4C5F26ABD53}.Debug|Any CPU.Build.0 = Debug|Any CPU
		{64C97EF3-A03A-4F2A-B94A-A4C5F26ABD53}.Release|Any CPU.ActiveCfg = Release|Any CPU
		{64C97EF3-A03A-4F2A-B94A-A4C5F26ABD53}.Release|Any CPU.Build.0 = Release|Any CPU
	EndGlobalSection
	GlobalSection(SolutionProperties) = preSolution
		HideSolutionNode = FALSE
	EndGlobalSection
	GlobalSection(ExtensibilityGlobals) = postSolution
		SolutionGuid = {E2448ECF-06E2-4B69-8B1F-EE0A52F1CD08}
	EndGlobalSection
EndGlobal
